# Generated from pyproject.toml; see CONTRIBUTING.md. Fedora 43 / Python 3.14.
annotated-doc==0.0.5
annotated-types==0.7.0
anyio==4.13.0
boolean-py==5.0
certifi==2025.7.9
click==8.1.7
defusedxml==0.7.1
fastapi==0.141.1
h11==0.16.0
httpcore==1.0.9
httpx==0.28.1
hypothesis==6.168.1
idna==3.10
iniconfig==2.3.0
jq==1.12.0
license-expression==30.4.4
nvchecker==2.22
packaging==25.0
platformdirs==4.2.2
pluggy==1.6.0
pycurl==7.45.6
pydantic==2.12.5
pydantic-core==2.41.5
pygments==2.19.1
pytest==9.1.1
sortedcontainers==2.4.0
starlette==1.6.0
structlog==26.1.0
tomlkit==0.15.1
tornado==6.5.10
typing-extensions==4.15.0
typing-inspection==0.4.2
uvicorn==0.53.0
